
Microsoft Visual Studio Solution File, Format Version 12.00
# Visual Studio Version 16
VisualStudioVersion = 16.0.30320.27
MinimumVisualStudioVersion = 10.0.40219.1
Project("{FAE04EC0-301F-11D3-BF4B-00C04F79EFBC}") = "ElectricalDashboard", "ElectricalDashboard\ElectricalDashboard.csproj", "{3CDF28B8-5171-4A6E-9F5F-93BA6FA47D98}"
EndProject
Project("{FAE04EC0-301F-11D3-BF4B-00C04F79EFBC}") = "EDTools", "EDTools\EDTools.csproj", "{105DE5E7-FC3F-4E7B-ABAC-5DD0331413C0}"
EndProject
Project("{FAE04EC0-301F-11D3-BF4B-00C04F79EFBC}") = "EDRules", "EDRules\EDRules.csproj", "{4D900D18-A7F7-41A6-AA02-18D52E2369B4}"
EndProject
Project("{FAE04EC0-301F-11D3-BF4B-00C04F79EFBC}") = "EDHarnessScan", "EDHarnessScan\EDHarnessScan.csproj", "{2EEDF7DC-4668-42EA-AD51-A8CCFD5D139F}"
EndProject
Project("{FAE04EC0-301F-11D3-BF4B-00C04F79EFBC}") = "EDDLL", "EDDLL\EDDLL.csproj", "{14B85F57-0BC3-42F4-B919-E7805DC45AB1}"
EndProject
Global
	GlobalSection(SolutionConfigurationPlatforms) = preSolution
		Debug|Any CPU = Debug|Any CPU
		Release|Any CPU = Release|Any CPU
	EndGlobalSection
	GlobalSection(ProjectConfigurationPlatforms) = postSolution
		{3CDF28B8-5171-4A6E-9F5F-93BA6FA47D98}.Debug|Any CPU.ActiveCfg = Debug|Any CPU
		{3CDF28B8-5171-4A6E-9F5F-93BA6FA47D98}.Debug|Any CPU.Build.0 = Debug|Any CPU
		{3CDF28B8-5171-4A6E-9F5F-93BA6FA47D98}.Release|Any CPU.ActiveCfg = Release|Any CPU
		{3CDF28B8-5171-4A6E-9F5F-93BA6FA47D98}.Release|Any CPU.Build.0 = Release|Any CPU
		{105DE5E7-FC3F-4E7B-ABAC-5DD0331413C0}.Debug|Any CPU.ActiveCfg = Debug|Any CPU
		{105DE5E7-FC3F-4E7B-ABAC-5DD0331413C0}.Debug|Any CPU.Build.0 = Debug|Any CPU
		{105DE5E7-FC3F-4E7B-ABAC-5DD0331413C0}.Release|Any CPU.ActiveCfg = Release|Any CPU
		{105DE5E7-FC3F-4E7B-ABAC-5DD0331413C0}.Release|Any CPU.Build.0 = Release|Any CPU
		{4D900D18-A7F7-41A6-AA02-18D52E2369B4}.Debug|Any CPU.ActiveCfg = Debug|Any CPU
		{4D900D18-A7F7-41A6-AA02-18D52E2369B4}.Debug|Any CPU.Build.0 = Debug|Any CPU
		{4D900D18-A7F7-41A6-AA02-18D52E2369B4}.Release|Any CPU.ActiveCfg = Release|Any CPU
		{4D900D18-A7F7-41A6-AA02-18D52E2369B4}.Release|Any CPU.Build.0 = Release|Any CPU
		{2EEDF7DC-4668-42EA-AD51-A8CCFD5D139F}.Debug|Any CPU.ActiveCfg = Debug|Any CPU
		{2EEDF7DC-4668-42EA-AD51-A8CCFD5D139F}.Debug|Any CPU.Build.0 = Debug|Any CPU
		{2EEDF7DC-4668-42EA-AD51-A8CCFD5D139F}.Release|Any CPU.ActiveCfg = Release|Any CPU
		{2EEDF7DC-4668-42EA-AD51-A8CCFD5D139F}.Release|Any CPU.Build.0 = Release|Any CPU
		{14B85F57-0BC3-42F4-B919-E7805DC45AB1}.Debug|Any CPU.ActiveCfg = Debug|Any CPU
		{14B85F57-0BC3-42F4-B919-E7805DC45AB1}.Debug|Any CPU.Build.0 = Debug|Any CPU
		{14B85F57-0BC3-42F4-B919-E7805DC45AB1}.Release|Any CPU.ActiveCfg = Release|Any CPU
		{14B85F57-0BC3-42F4-B919-E7805DC45AB1}.Release|Any CPU.Build.0 = Release|Any CPU
	EndGlobalSection
	GlobalSection(SolutionProperties) = preSolution
		HideSolutionNode = FALSE
	EndGlobalSection
	GlobalSection(ExtensibilityGlobals) = postSolution
		SolutionGuid = {B6D72A90-1EFF-4F0B-92A2-5C183572E23F}
	EndGlobalSection
EndGlobal
